{
  "version": 4,
  "terraform_version": "1.5.6",
  "serial": 391,
  "lineage": "87b27080-3661-1eee-6bd5-53375c057e1a",
  "outputs": {
    "ip_addresses": {
      "value": [
        {
          "ip_priv": "10.16.1.3",
          "ip_pub": "167.235.207.123",
          "name": "nginx-1-dev"
        },
        {
          "ip_priv": "10.16.1.2",
          "ip_pub": "23.88.118.184",
          "name": "nginx-2-dev"
        }
      ],
      "type": [
        "tuple",
        [
          [
            "object",
            {
              "ip_priv": "string",
              "ip_pub": "string",
              "name": "string"
            }
          ],
          [
            "object",
            {
              "ip_priv": "string",
              "ip_pub": "string",
              "name": "string"
            }
          ]
        ]
      ]
    }
  },
  "resources": [
    {
      "mode": "managed",
      "type": "local_file",
      "name": "inventory",
      "provider": "provider[\"registry.terraform.io/hashicorp/local\"]",
      "instances": [
        {
          "schema_version": 0,
          "attributes": {
            "content": "[nginx]\nnginx-1-dev.167.235.207.123.sslip.io private_addr=10.16.1.3 short_name=nginx-1-dev app_url_suffix=167.235.207.123.sslip.io\nnginx-2-dev.23.88.118.184.sslip.io private_addr=10.16.1.2 short_name=nginx-2-dev app_url_suffix=23.88.118.184.sslip.io\n\n[haproxy]\nhaproxy-1-dev.49.13.123.255.sslip.io private_addr=10.16.1.1 short_name=haproxy-1-dev app_url_suffix=49.13.123.255.sslip.io\n",
            "content_base64": null,
            "content_base64sha256": "1MO7/2BB+rObaLtwSryG1UIufW7LRsqWYrZGdYgdyyc=",
            "content_base64sha512": "y2AbCaZGr/UMnxashL8KMKqLH6kYVMH5D7ha5WARbOqAfEB+HW+KpjgsQbpF/KWoTHuXtIjpm0pi0hMlqYtYcA==",
            "content_md5": "3bcbbd689990ca0114e33e86b881742b",
            "content_sha1": "0c321c9eef595af59ffc6f32808993b1cb1d29eb",
            "content_sha256": "d4c3bbff6041fab39b68bb704abc86d5422e7d6ecb46ca9662b64675881dcb27",
            "content_sha512": "cb601b09a646aff50c9f16ac84bf0a30aa8b1fa91854c1f90fb85ae560116cea807c407e1d6f8aa6382c41ba45fca5a84c7b97b488e99b4a62d21325a98b5870",
            "directory_permission": "0777",
            "file_permission": "0777",
            "filename": "../../ansible/inventory/hetzner_dev",
            "id": "0c321c9eef595af59ffc6f32808993b1cb1d29eb",
            "sensitive_content": null,
            "source": null
          },
          "sensitive_attributes": [],
          "dependencies": [
            "module.haproxy_server.hcloud_primary_ip.public",
            "module.haproxy_server.hcloud_server.server",
            "module.network.hcloud_network.internal",
            "module.nginx_server.hcloud_primary_ip.public",
            "module.nginx_server.hcloud_server.server"
          ]
        }
      ]
    },
    {
      "module": "module.haproxy_server",
      "mode": "managed",
      "type": "hcloud_primary_ip",
      "name": "public",
      "provider": "provider[\"registry.terraform.io/hetznercloud/hcloud\"]",
      "instances": [
        {
          "index_key": 0,
          "schema_version": 0,
          "attributes": {
            "assignee_id": 0,
            "assignee_type": "server",
            "auto_delete": true,
            "datacenter": "fsn1-dc14",
            "delete_protection": false,
            "id": "51669252",
            "ip_address": "49.13.123.255",
            "ip_network": null,
            "labels": null,
            "name": "pubip-haproxy-dev-1",
            "type": "ipv4"
          },
          "sensitive_attributes": [],
          "private": "bnVsbA=="
        }
      ]
    },
    {
      "module": "module.haproxy_server",
      "mode": "managed",
      "type": "hcloud_server",
      "name": "server",
      "provider": "provider[\"registry.terraform.io/hetznercloud/hcloud\"]",
      "instances": [
        {
          "index_key": 0,
          "schema_version": 0,
          "attributes": {
            "allow_deprecated_images": false,
            "backup_window": "",
            "backups": false,
            "datacenter": "fsn1-dc14",
            "delete_protection": false,
            "firewall_ids": [],
            "id": "43338334",
            "ignore_remote_firewall_ids": false,
            "image": "debian-12",
            "ipv4_address": "49.13.123.255",
            "ipv6_address": "\u003cnil\u003e",
            "ipv6_network": "\u003cnil\u003e",
            "iso": null,
            "keep_disk": false,
            "labels": {
              "service": "haproxy",
              "stage": "dev"
            },
            "location": "fsn1",
            "name": "haproxy-1-dev",
            "network": [
              {
                "alias_ips": [],
                "ip": "10.16.1.1",
                "mac_address": "86:00:00:78:30:79",
                "network_id": 3884363
              }
            ],
            "placement_group_id": null,
            "public_net": [
              {
                "ipv4": 51669252,
                "ipv4_enabled": true,
                "ipv6": 0,
                "ipv6_enabled": false
              }
            ],
            "rebuild_protection": false,
            "rescue": null,
            "server_type": "cpx11",
            "ssh_keys": [
              "muczos"
            ],
            "status": "running",
            "timeouts": null,
            "user_data": null
          },
          "sensitive_attributes": [],
          "private": "eyJlMmJmYjczMC1lY2FhLTExZTYtOGY4OC0zNDM2M2JjN2M0YzAiOnsiY3JlYXRlIjo1NDAwMDAwMDAwMDAwfX0=",
          "dependencies": [
            "module.haproxy_server.hcloud_primary_ip.public",
            "module.network.hcloud_network.internal"
          ]
        }
      ]
    },
    {
      "module": "module.network",
      "mode": "managed",
      "type": "hcloud_network",
      "name": "internal",
      "provider": "provider[\"registry.terraform.io/hetznercloud/hcloud\"]",
      "instances": [
        {
          "schema_version": 0,
          "attributes": {
            "delete_protection": false,
            "id": "3884363",
            "ip_range": "10.16.0.0/16",
            "labels": null,
            "name": "dev-net"
          },
          "sensitive_attributes": [],
          "private": "bnVsbA=="
        }
      ]
    },
    {
      "module": "module.network",
      "mode": "managed",
      "type": "hcloud_network_subnet",
      "name": "internal-subnet",
      "provider": "provider[\"registry.terraform.io/hetznercloud/hcloud\"]",
      "instances": [
        {
          "schema_version": 0,
          "attributes": {
            "gateway": "10.16.0.1",
            "id": "3884363-10.16.1.0/24",
            "ip_range": "10.16.1.0/24",
            "network_id": 3884363,
            "network_zone": "eu-central",
            "type": "cloud",
            "vswitch_id": null
          },
          "sensitive_attributes": [],
          "private": "bnVsbA==",
          "dependencies": [
            "module.network.hcloud_network.internal"
          ]
        }
      ]
    },
    {
      "module": "module.nginx_server",
      "mode": "managed",
      "type": "hcloud_primary_ip",
      "name": "public",
      "provider": "provider[\"registry.terraform.io/hetznercloud/hcloud\"]",
      "instances": [
        {
          "index_key": 0,
          "schema_version": 0,
          "attributes": {
            "assignee_id": 0,
            "assignee_type": "server",
            "auto_delete": true,
            "datacenter": "fsn1-dc14",
            "delete_protection": false,
            "id": "51669253",
            "ip_address": "167.235.207.123",
            "ip_network": null,
            "labels": null,
            "name": "pubip-nginx-dev-1",
            "type": "ipv4"
          },
          "sensitive_attributes": [],
          "private": "bnVsbA=="
        },
        {
          "index_key": 1,
          "schema_version": 0,
          "attributes": {
            "assignee_id": 0,
            "assignee_type": "server",
            "auto_delete": true,
            "datacenter": "fsn1-dc14",
            "delete_protection": false,
            "id": "51669254",
            "ip_address": "23.88.118.184",
            "ip_network": null,
            "labels": null,
            "name": "pubip-nginx-dev-2",
            "type": "ipv4"
          },
          "sensitive_attributes": [],
          "private": "bnVsbA=="
        }
      ]
    },
    {
      "module": "module.nginx_server",
      "mode": "managed",
      "type": "hcloud_server",
      "name": "server",
      "provider": "provider[\"registry.terraform.io/hetznercloud/hcloud\"]",
      "instances": [
        {
          "index_key": 0,
          "schema_version": 0,
          "attributes": {
            "allow_deprecated_images": false,
            "backup_window": "",
            "backups": false,
            "datacenter": "fsn1-dc14",
            "delete_protection": false,
            "firewall_ids": [],
            "id": "43338335",
            "ignore_remote_firewall_ids": false,
            "image": "debian-12",
            "ipv4_address": "167.235.207.123",
            "ipv6_address": "\u003cnil\u003e",
            "ipv6_network": "\u003cnil\u003e",
            "iso": null,
            "keep_disk": false,
            "labels": {
              "service": "nginx",
              "stage": "dev"
            },
            "location": "fsn1",
            "name": "nginx-1-dev",
            "network": [
              {
                "alias_ips": [],
                "ip": "10.16.1.3",
                "mac_address": "86:00:00:78:30:83",
                "network_id": 3884363
              }
            ],
            "placement_group_id": null,
            "public_net": [
              {
                "ipv4": 51669253,
                "ipv4_enabled": true,
                "ipv6": 0,
                "ipv6_enabled": false
              }
            ],
            "rebuild_protection": false,
            "rescue": null,
            "server_type": "cpx11",
            "ssh_keys": [
              "muczos"
            ],
            "status": "running",
            "timeouts": null,
            "user_data": null
          },
          "sensitive_attributes": [],
          "private": "eyJlMmJmYjczMC1lY2FhLTExZTYtOGY4OC0zNDM2M2JjN2M0YzAiOnsiY3JlYXRlIjo1NDAwMDAwMDAwMDAwfX0=",
          "dependencies": [
            "module.network.hcloud_network.internal",
            "module.nginx_server.hcloud_primary_ip.public"
          ]
        },
        {
          "index_key": 1,
          "schema_version": 0,
          "attributes": {
            "allow_deprecated_images": false,
            "backup_window": "",
            "backups": false,
            "datacenter": "fsn1-dc14",
            "delete_protection": false,
            "firewall_ids": [],
            "id": "43338336",
            "ignore_remote_firewall_ids": false,
            "image": "debian-12",
            "ipv4_address": "23.88.118.184",
            "ipv6_address": "\u003cnil\u003e",
            "ipv6_network": "\u003cnil\u003e",
            "iso": null,
            "keep_disk": false,
            "labels": {
              "service": "nginx",
              "stage": "dev"
            },
            "location": "fsn1",
            "name": "nginx-2-dev",
            "network": [
              {
                "alias_ips": [],
                "ip": "10.16.1.2",
                "mac_address": "86:00:00:78:30:7c",
                "network_id": 3884363
              }
            ],
            "placement_group_id": null,
            "public_net": [
              {
                "ipv4": 51669254,
                "ipv4_enabled": true,
                "ipv6": 0,
                "ipv6_enabled": false
              }
            ],
            "rebuild_protection": false,
            "rescue": null,
            "server_type": "cpx11",
            "ssh_keys": [
              "muczos"
            ],
            "status": "running",
            "timeouts": null,
            "user_data": null
          },
          "sensitive_attributes": [],
          "private": "eyJlMmJmYjczMC1lY2FhLTExZTYtOGY4OC0zNDM2M2JjN2M0YzAiOnsiY3JlYXRlIjo1NDAwMDAwMDAwMDAwfX0=",
          "dependencies": [
            "module.network.hcloud_network.internal",
            "module.nginx_server.hcloud_primary_ip.public"
          ]
        }
      ]
    },
    {
      "module": "module.security",
      "mode": "managed",
      "type": "hcloud_ssh_key",
      "name": "admins",
      "provider": "provider[\"registry.terraform.io/hetznercloud/hcloud\"]",
      "instances": [
        {
          "index_key": "muczos",
          "schema_version": 0,
          "attributes": {
            "fingerprint": "95:11:45:38:4f:19:50:db:98:7e:0d:6e:c1:b2:10:ec",
            "id": "19595603",
            "labels": null,
            "name": "muczos",
            "public_key": "ssh-rsa AAAAB3NzaC1yc2EAAAADAQABAAACAQCxkSCeAQasDLDIfqWEON/cJD8oTGRvgKRB9ksUQzcIgt6LD3UNxlPBYdiSl+xIUR1rM+n4+0S5R1BZpBqEP7lOc3gZTszdUL6ENY1PuiLSdyGAUvXZJvWSmpl0afDcfcm+l1SYrRxzej9hoeL2D3dCTiOVlJ90jeDWoWY6E88XpPs+4LmORvSxpW0I66+s+DqrTOpHkXQoqC7kqBiAiUnyKqb+RpFXH2VHnJrhUULR3rck7Pw5EkXFP2ZtsLOthsxHs+OgLGsGk3nXxfVMN4w17UPZSZUSJCeGyjr4KdmLac0otvolVXeuwLsvMaygi1AwTURevOl+05jTFQEMC+GTc5ornhgYDBiYdgJgmMLnVZxZqLpTKGcC1jHLP8w+YkfOjrBdRWJpp2nlm4skDX1cXiMxuejx8I9itzG6eTCXp3aez+arRBPXFFuZvSvRM8xT5/wfJnOsNF/TmUVGvrzbiErdQlhRagjjF2+wlfltfJ3SGQGuUGU0VR4oE4nx7gnuEa7dG93QPx4Nysg3EPxlC1ovwDQxLukRrxnI1BLivrSffw2GBUO1KJk/g+/6NZXDrzS3+daUQgbE96ICyR6X0K7Gb5WBmT5LlAFPAEulNSnMH6M+0gtwanenxvSCVg5WEUR/jaZXgNYCdvj74zbkUekCVKr7OA4l/4ja+p9UYw== muczos@lapidron"
          },
          "sensitive_attributes": [],
          "private": "bnVsbA=="
        }
      ]
    }
  ],
  "check_results": null
}
